
Microsoft Visual Studio Solution File, Format Version 12.00
# Visual Studio Version 16
VisualStudioVersion = 16.0.32929.386
MinimumVisualStudioVersion = 10.0.40219.1
Project("{9A19103F-16F7-4668-BE54-9A1E7A4F7556}") = "WatchList.plugin", "WatchList.plugin.csproj", "{BD715F7C-10F0-472B-8108-9305C35AABBE}"
EndProject
Global
	GlobalSection(SolutionConfigurationPlatforms) = preSolution
		Debug|Any CPU = Debug|Any CPU
		Release|Any CPU = Release|Any CPU
	EndGlobalSection
	GlobalSection(ProjectConfigurationPlatforms) = postSolution
		{BD715F7C-10F0-472B-8108-9305C35AABBE}.Debug|Any CPU.ActiveCfg = Debug|Any CPU
		{BD715F7C-10F0-472B-8108-9305C35AABBE}.Debug|Any CPU.Build.0 = Debug|Any CPU
		{BD715F7C-10F0-472B-8108-9305C35AABBE}.Release|Any CPU.ActiveCfg = Release|Any CPU
		{BD715F7C-10F0-472B-8108-9305C35AABBE}.Release|Any CPU.Build.0 = Release|Any CPU
	EndGlobalSection
	GlobalSection(SolutionProperties) = preSolution
		HideSolutionNode = FALSE
	EndGlobalSection
	GlobalSection(ExtensibilityGlobals) = postSolution
		SolutionGuid = {6CBF0277-EB8C-4B3A-8858-19DC8447BF90}
	EndGlobalSection
EndGlobal
