
Microsoft Visual Studio Solution File, Format Version 12.00
# Visual Studio Version 16
VisualStudioVersion = 16.0.32929.386
MinimumVisualStudioVersion = 10.0.40219.1
Project("{9A19103F-16F7-4668-BE54-9A1E7A4F7556}") = "TabularDeclarationEditor.plugin", "TabularDeclarationEditor.plugin.csproj", "{DFBE5DA8-F9CC-4874-920B-DEB16F807C07}"
EndProject
Global
	GlobalSection(SolutionConfigurationPlatforms) = preSolution
		Debug|Any CPU = Debug|Any CPU
		Release|Any CPU = Release|Any CPU
	EndGlobalSection
	GlobalSection(ProjectConfigurationPlatforms) = postSolution
		{DFBE5DA8-F9CC-4874-920B-DEB16F807C07}.Debug|Any CPU.ActiveCfg = Debug|Any CPU
		{DFBE5DA8-F9CC-4874-920B-DEB16F807C07}.Debug|Any CPU.Build.0 = Debug|Any CPU
		{DFBE5DA8-F9CC-4874-920B-DEB16F807C07}.Release|Any CPU.ActiveCfg = Release|Any CPU
		{DFBE5DA8-F9CC-4874-920B-DEB16F807C07}.Release|Any CPU.Build.0 = Release|Any CPU
	EndGlobalSection
	GlobalSection(SolutionProperties) = preSolution
		HideSolutionNode = FALSE
	EndGlobalSection
	GlobalSection(ExtensibilityGlobals) = postSolution
		SolutionGuid = {2E7F7A58-295F-447B-8688-B71D4A60F456}
	EndGlobalSection
EndGlobal
